
Microsoft Visual Studio Solution File, Format Version 12.00
# Visual Studio Version 17
VisualStudioVersion = 17.3.32901.215
MinimumVisualStudioVersion = 10.0.40219.1
Project("{9A19103F-16F7-4668-BE54-9A1E7A4F7556}") = "asp_net_mvc_pv125", "asp_net_mvc_pv125\asp_net_mvc_pv125.csproj", "{03126859-130B-4D72-B864-3BD5542BC68F}"
EndProject
Project("{9A19103F-16F7-4668-BE54-9A1E7A4F7556}") = "DataAccess", "DataAccess\DataAccess.csproj", "{A386A6B5-7454-447C-A5EC-9AEAB227A45D}"
EndProject
Project("{FAE04EC0-301F-11D3-BF4B-00C04F79EFBC}") = "BusinessLogic", "BusinessLogic\BusinessLogic.csproj", "{5123A655-48E0-4339-84A1-2131E9E7C120}"
EndProject
Global
	GlobalSection(SolutionConfigurationPlatforms) = preSolution
		Debug|Any CPU = Debug|Any CPU
		Release|Any CPU = Release|Any CPU
	EndGlobalSection
	GlobalSection(ProjectConfigurationPlatforms) = postSolution
		{03126859-130B-4D72-B864-3BD5542BC68F}.Debug|Any CPU.ActiveCfg = Debug|Any CPU
		{03126859-130B-4D72-B864-3BD5542BC68F}.Debug|Any CPU.Build.0 = Debug|Any CPU
		{03126859-130B-4D72-B864-3BD5542BC68F}.Release|Any CPU.ActiveCfg = Release|Any CPU
		{03126859-130B-4D72-B864-3BD5542BC68F}.Release|Any CPU.Build.0 = Release|Any CPU
		{A386A6B5-7454-447C-A5EC-9AEAB227A45D}.Debug|Any CPU.ActiveCfg = Debug|Any CPU
		{A386A6B5-7454-447C-A5EC-9AEAB227A45D}.Debug|Any CPU.Build.0 = Debug|Any CPU
		{A386A6B5-7454-447C-A5EC-9AEAB227A45D}.Release|Any CPU.ActiveCfg = Release|Any CPU
		{A386A6B5-7454-447C-A5EC-9AEAB227A45D}.Release|Any CPU.Build.0 = Release|Any CPU
		{5123A655-48E0-4339-84A1-2131E9E7C120}.Debug|Any CPU.ActiveCfg = Debug|Any CPU
		{5123A655-48E0-4339-84A1-2131E9E7C120}.Debug|Any CPU.Build.0 = Debug|Any CPU
		{5123A655-48E0-4339-84A1-2131E9E7C120}.Release|Any CPU.ActiveCfg = Release|Any CPU
		{5123A655-48E0-4339-84A1-2131E9E7C120}.Release|Any CPU.Build.0 = Release|Any CPU
	EndGlobalSection
	GlobalSection(SolutionProperties) = preSolution
		HideSolutionNode = FALSE
	EndGlobalSection
	GlobalSection(ExtensibilityGlobals) = postSolution
		SolutionGuid = {A0AAEBBA-3417-4CAD-8D8B-A5D846DE22F1}
	EndGlobalSection
EndGlobal
